
Microsoft Visual Studio Solution File, Format Version 12.00
# Visual Studio Version 16
VisualStudioVersion = 16.0.30114.105
MinimumVisualStudioVersion = 10.0.40219.1
Project("{FAE04EC0-301F-11D3-BF4B-00C04F79EFBC}") = "API", "API\API.csproj", "{B33A2F2D-FA69-4973-B609-D1D01A281EC0}"
EndProject
Project("{FAE04EC0-301F-11D3-BF4B-00C04F79EFBC}") = "Core", "Core\Core.csproj", "{DBEF404E-015B-49F3-92C0-CB63300F61E5}"
EndProject
Project("{FAE04EC0-301F-11D3-BF4B-00C04F79EFBC}") = "Infrastructure", "Infrastructure\Infrastructure.csproj", "{3F1C153F-CD84-41F3-B234-4FFDC10944F2}"
EndProject
Global
	GlobalSection(SolutionConfigurationPlatforms) = preSolution
		Debug|Any CPU = Debug|Any CPU
		Release|Any CPU = Release|Any CPU
	EndGlobalSection
	GlobalSection(SolutionProperties) = preSolution
		HideSolutionNode = FALSE
	EndGlobalSection
	GlobalSection(ProjectConfigurationPlatforms) = postSolution
		{B33A2F2D-FA69-4973-B609-D1D01A281EC0}.Debug|Any CPU.ActiveCfg = Debug|Any CPU
		{B33A2F2D-FA69-4973-B609-D1D01A281EC0}.Debug|Any CPU.Build.0 = Debug|Any CPU
		{B33A2F2D-FA69-4973-B609-D1D01A281EC0}.Release|Any CPU.ActiveCfg = Release|Any CPU
		{B33A2F2D-FA69-4973-B609-D1D01A281EC0}.Release|Any CPU.Build.0 = Release|Any CPU
		{DBEF404E-015B-49F3-92C0-CB63300F61E5}.Debug|Any CPU.ActiveCfg = Debug|Any CPU
		{DBEF404E-015B-49F3-92C0-CB63300F61E5}.Debug|Any CPU.Build.0 = Debug|Any CPU
		{DBEF404E-015B-49F3-92C0-CB63300F61E5}.Release|Any CPU.ActiveCfg = Release|Any CPU
		{DBEF404E-015B-49F3-92C0-CB63300F61E5}.Release|Any CPU.Build.0 = Release|Any CPU
		{3F1C153F-CD84-41F3-B234-4FFDC10944F2}.Debug|Any CPU.ActiveCfg = Debug|Any CPU
		{3F1C153F-CD84-41F3-B234-4FFDC10944F2}.Debug|Any CPU.Build.0 = Debug|Any CPU
		{3F1C153F-CD84-41F3-B234-4FFDC10944F2}.Release|Any CPU.ActiveCfg = Release|Any CPU
		{3F1C153F-CD84-41F3-B234-4FFDC10944F2}.Release|Any CPU.Build.0 = Release|Any CPU
	EndGlobalSection
EndGlobal
